Microsoft Visual Studio Solution File, Format Version 12.00
# Visual Studio Version 17
VisualStudioVersion = 17.12.35707.178
MinimumVisualStudioVersion = 10.0.40219.1
Project("{FAE04EC0-301F-11D3-BF4B-00C04F79EFBC}") = "FitTech.AppHost", "src\FitTech.AppHost\FitTech.AppHost.csproj", "{D51533A6-1B90-4ACA-BD3F-6512CA2AD85D}"
EndProject
Project("{2150E333-8FDC-42A3-9474-1A3956D46DE8}") = "src", "src", "{FFCC4974-95BF-4ABC-B908-B44B46ABC1E9}"
EndProject
Project("{2150E333-8FDC-42A3-9474-1A3956D46DE8}") = "Solution Items", "Solution Items", "{65CCA9A2-1341-4F17-9895-19B2BF4E2E91}"
	ProjectSection(SolutionItems) = preProject
		.editorconfig = .editorconfig
		Directory.Packages.props = Directory.Packages.props
		nuget.config = nuget.config
		README.md = README.md
	EndProjectSection
EndProject
Project("{2150E333-8FDC-42A3-9474-1A3956D46DE8}") = "99.IaC", "99.IaC", "{C95955AF-1625-48C4-B30D-F7D9624BED37}"
EndProject
Project("{2150E333-8FDC-42A3-9474-1A3956D46DE8}") = "0.Presentation", "0.Presentation", "{E6935CD1-9350-455E-B3E4-4F4795F7C232}"
EndProject
Project("{FAE04EC0-301F-11D3-BF4B-00C04F79EFBC}") = "FitTech.Trainer.WebApp", "src\FitTech.Trainer.WebApp\FitTech.Trainer.WebApp.csproj", "{9E41D0AC-9D94-4AFF-8597-D887C3A82D50}"
EndProject
Project("{2150E333-8FDC-42A3-9474-1A3956D46DE8}") = "Trainer", "Trainer", "{34E3EF8D-AEE3-42EB-8AA4-78352D48CF22}"
EndProject
Project("{FAE04EC0-301F-11D3-BF4B-00C04F79EFBC}") = "FitTech.WebComponents", "src\FitTech.WebComponents\FitTech.WebComponents.csproj", "{94244DB3-BDCF-4607-B8C0-5FCB60AE72E4}"
EndProject
Project("{2150E333-8FDC-42A3-9474-1A3956D46DE8}") = "1.APIs", "1.APIs", "{B518D932-AF0E-4D76-B760-C6F820A9A624}"
EndProject
Project("{FAE04EC0-301F-11D3-BF4B-00C04F79EFBC}") = "FitTech.API", "src\FitTech.API\FitTech.API.csproj", "{706A580D-3E0D-4782-AC14-E4386363B347}"
EndProject
Project("{FAE04EC0-301F-11D3-BF4B-00C04F79EFBC}") = "FitTech.Persistence", "src\FitTech.Persistence\FitTech.Persistence.csproj", "{3244A1C7-E464-4526-A6B9-6E0824A11A1B}"
EndProject
Project("{FAE04EC0-301F-11D3-BF4B-00C04F79EFBC}") = "FitTech.Application", "src\FitTech.Application\FitTech.Application.csproj", "{F24C4A02-0486-46FE-91B5-171EBBAA2A4F}"
EndProject
Project("{FAE04EC0-301F-11D3-BF4B-00C04F79EFBC}") = "FitTech.Domain", "src\FitTech.Domain\FitTech.Domain.csproj", "{9909997D-0456-4488-989A-AD485BD96203}"
EndProject
Project("{2150E333-8FDC-42A3-9474-1A3956D46DE8}") = "FitTech", "FitTech", "{2BAE76B1-236F-410B-A134-5BB23E8BC484}"
EndProject
Project("{FAE04EC0-301F-11D3-BF4B-00C04F79EFBC}") = "FitTech.API.Client", "FitTech.API.Client\FitTech.API.Client.csproj", "{911859C7-118F-441F-8A00-8F6112FE0686}"
EndProject
Project("{FAE04EC0-301F-11D3-BF4B-00C04F79EFBC}") = "FitTech.Api.Tests", "src\FitTech.Api.Tests\FitTech.Api.Tests.csproj", "{1AB7650C-AC4C-4ECE-87E9-BD68F9901995}"
EndProject
Global
	GlobalSection(SolutionConfigurationPlatforms) = preSolution
		Debug|Any CPU = Debug|Any CPU
		Release|Any CPU = Release|Any CPU
	EndGlobalSection
	GlobalSection(ProjectConfigurationPlatforms) = postSolution
		{D51533A6-1B90-4ACA-BD3F-6512CA2AD85D}.Debug|Any CPU.ActiveCfg = Debug|Any CPU
		{D51533A6-1B90-4ACA-BD3F-6512CA2AD85D}.Debug|Any CPU.Build.0 = Debug|Any CPU
		{D51533A6-1B90-4ACA-BD3F-6512CA2AD85D}.Release|Any CPU.ActiveCfg = Release|Any CPU
		{D51533A6-1B90-4ACA-BD3F-6512CA2AD85D}.Release|Any CPU.Build.0 = Release|Any CPU
		{9E41D0AC-9D94-4AFF-8597-D887C3A82D50}.Debug|Any CPU.ActiveCfg = Debug|Any CPU
		{9E41D0AC-9D94-4AFF-8597-D887C3A82D50}.Debug|Any CPU.Build.0 = Debug|Any CPU
		{9E41D0AC-9D94-4AFF-8597-D887C3A82D50}.Release|Any CPU.ActiveCfg = Release|Any CPU
		{9E41D0AC-9D94-4AFF-8597-D887C3A82D50}.Release|Any CPU.Build.0 = Release|Any CPU
		{94244DB3-BDCF-4607-B8C0-5FCB60AE72E4}.Debug|Any CPU.ActiveCfg = Debug|Any CPU
		{94244DB3-BDCF-4607-B8C0-5FCB60AE72E4}.Debug|Any CPU.Build.0 = Debug|Any CPU
		{94244DB3-BDCF-4607-B8C0-5FCB60AE72E4}.Release|Any CPU.ActiveCfg = Release|Any CPU
		{94244DB3-BDCF-4607-B8C0-5FCB60AE72E4}.Release|Any CPU.Build.0 = Release|Any CPU
		{706A580D-3E0D-4782-AC14-E4386363B347}.Debug|Any CPU.ActiveCfg = Debug|Any CPU
		{706A580D-3E0D-4782-AC14-E4386363B347}.Debug|Any CPU.Build.0 = Debug|Any CPU
		{706A580D-3E0D-4782-AC14-E4386363B347}.Release|Any CPU.ActiveCfg = Release|Any CPU
		{706A580D-3E0D-4782-AC14-E4386363B347}.Release|Any CPU.Build.0 = Release|Any CPU
		{3244A1C7-E464-4526-A6B9-6E0824A11A1B}.Debug|Any CPU.ActiveCfg = Debug|Any CPU
		{3244A1C7-E464-4526-A6B9-6E0824A11A1B}.Debug|Any CPU.Build.0 = Debug|Any CPU
		{3244A1C7-E464-4526-A6B9-6E0824A11A1B}.Release|Any CPU.ActiveCfg = Release|Any CPU
		{3244A1C7-E464-4526-A6B9-6E0824A11A1B}.Release|Any CPU.Build.0 = Release|Any CPU
		{F24C4A02-0486-46FE-91B5-171EBBAA2A4F}.Debug|Any CPU.ActiveCfg = Debug|Any CPU
		{F24C4A02-0486-46FE-91B5-171EBBAA2A4F}.Debug|Any CPU.Build.0 = Debug|Any CPU
		{F24C4A02-0486-46FE-91B5-171EBBAA2A4F}.Release|Any CPU.ActiveCfg = Release|Any CPU
		{F24C4A02-0486-46FE-91B5-171EBBAA2A4F}.Release|Any CPU.Build.0 = Release|Any CPU
		{9909997D-0456-4488-989A-AD485BD96203}.Debug|Any CPU.ActiveCfg = Debug|Any CPU
		{9909997D-0456-4488-989A-AD485BD96203}.Debug|Any CPU.Build.0 = Debug|Any CPU
		{9909997D-0456-4488-989A-AD485BD96203}.Release|Any CPU.ActiveCfg = Release|Any CPU
		{9909997D-0456-4488-989A-AD485BD96203}.Release|Any CPU.Build.0 = Release|Any CPU
		{911859C7-118F-441F-8A00-8F6112FE0686}.Debug|Any CPU.ActiveCfg = Debug|Any CPU
		{911859C7-118F-441F-8A00-8F6112FE0686}.Debug|Any CPU.Build.0 = Debug|Any CPU
		{911859C7-118F-441F-8A00-8F6112FE0686}.Release|Any CPU.ActiveCfg = Release|Any CPU
		{911859C7-118F-441F-8A00-8F6112FE0686}.Release|Any CPU.Build.0 = Release|Any CPU
		{1AB7650C-AC4C-4ECE-87E9-BD68F9901995}.Debug|Any CPU.ActiveCfg = Debug|Any CPU
		{1AB7650C-AC4C-4ECE-87E9-BD68F9901995}.Debug|Any CPU.Build.0 = Debug|Any CPU
		{1AB7650C-AC4C-4ECE-87E9-BD68F9901995}.Release|Any CPU.ActiveCfg = Release|Any CPU
		{1AB7650C-AC4C-4ECE-87E9-BD68F9901995}.Release|Any CPU.Build.0 = Release|Any CPU
	EndGlobalSection
	GlobalSection(SolutionProperties) = preSolution
		HideSolutionNode = FALSE
	EndGlobalSection
	GlobalSection(NestedProjects) = preSolution
		{D51533A6-1B90-4ACA-BD3F-6512CA2AD85D} = {C95955AF-1625-48C4-B30D-F7D9624BED37}
		{C95955AF-1625-48C4-B30D-F7D9624BED37} = {FFCC4974-95BF-4ABC-B908-B44B46ABC1E9}
		{E6935CD1-9350-455E-B3E4-4F4795F7C232} = {FFCC4974-95BF-4ABC-B908-B44B46ABC1E9}
		{9E41D0AC-9D94-4AFF-8597-D887C3A82D50} = {34E3EF8D-AEE3-42EB-8AA4-78352D48CF22}
		{34E3EF8D-AEE3-42EB-8AA4-78352D48CF22} = {E6935CD1-9350-455E-B3E4-4F4795F7C232}
		{94244DB3-BDCF-4607-B8C0-5FCB60AE72E4} = {E6935CD1-9350-455E-B3E4-4F4795F7C232}
		{B518D932-AF0E-4D76-B760-C6F820A9A624} = {FFCC4974-95BF-4ABC-B908-B44B46ABC1E9}
		{706A580D-3E0D-4782-AC14-E4386363B347} = {2BAE76B1-236F-410B-A134-5BB23E8BC484}
		{3244A1C7-E464-4526-A6B9-6E0824A11A1B} = {2BAE76B1-236F-410B-A134-5BB23E8BC484}
		{F24C4A02-0486-46FE-91B5-171EBBAA2A4F} = {2BAE76B1-236F-410B-A134-5BB23E8BC484}
		{9909997D-0456-4488-989A-AD485BD96203} = {2BAE76B1-236F-410B-A134-5BB23E8BC484}
		{2BAE76B1-236F-410B-A134-5BB23E8BC484} = {B518D932-AF0E-4D76-B760-C6F820A9A624}
		{911859C7-118F-441F-8A00-8F6112FE0686} = {2BAE76B1-236F-410B-A134-5BB23E8BC484}
		{1AB7650C-AC4C-4ECE-87E9-BD68F9901995} = {2BAE76B1-236F-410B-A134-5BB23E8BC484}
	EndGlobalSection
EndGlobal
