
Microsoft Visual Studio Solution File, Format Version 12.00
Project("{FAE04EC0-301F-11D3-BF4B-00C04F79EFBC}") = "FitTech.AppHost", "src\FitTech.AppHost\FitTech.AppHost.csproj", "{D51533A6-1B90-4ACA-BD3F-6512CA2AD85D}"
EndProject
Project("{2150E333-8FDC-42A3-9474-1A3956D46DE8}") = "src", "src", "{FFCC4974-95BF-4ABC-B908-B44B46ABC1E9}"
EndProject
Project("{2150E333-8FDC-42A3-9474-1A3956D46DE8}") = "Solution Items", "Solution Items", "{65CCA9A2-1341-4F17-9895-19B2BF4E2E91}"
	ProjectSection(SolutionItems) = preProject
		Directory.Packages.props = Directory.Packages.props
		nuget.config = nuget.config
		README.md = README.md
		.editorconfig = .editorconfig
	EndProjectSection
EndProject
Project("{2150E333-8FDC-42A3-9474-1A3956D46DE8}") = "99.IaC", "99.IaC", "{C95955AF-1625-48C4-B30D-F7D9624BED37}"
EndProject
Project("{2150E333-8FDC-42A3-9474-1A3956D46DE8}") = "0.Presentation", "0.Presentation", "{E6935CD1-9350-455E-B3E4-4F4795F7C232}"
EndProject
Project("{FAE04EC0-301F-11D3-BF4B-00C04F79EFBC}") = "FitTech.Trainer.WebApp", "src\FitTech.Trainer.WebApp\FitTech.Trainer.WebApp.csproj", "{9E41D0AC-9D94-4AFF-8597-D887C3A82D50}"
EndProject
Project("{2150E333-8FDC-42A3-9474-1A3956D46DE8}") = "Trainer", "Trainer", "{34E3EF8D-AEE3-42EB-8AA4-78352D48CF22}"
EndProject
Project("{FAE04EC0-301F-11D3-BF4B-00C04F79EFBC}") = "FitTech.WebComponents", "src\FitTech.WebComponents\FitTech.WebComponents.csproj", "{94244DB3-BDCF-4607-B8C0-5FCB60AE72E4}"
EndProject
Global
	GlobalSection(SolutionConfigurationPlatforms) = preSolution
		Debug|Any CPU = Debug|Any CPU
		Release|Any CPU = Release|Any CPU
	EndGlobalSection
	GlobalSection(ProjectConfigurationPlatforms) = postSolution
		{D51533A6-1B90-4ACA-BD3F-6512CA2AD85D}.Debug|Any CPU.ActiveCfg = Debug|Any CPU
		{D51533A6-1B90-4ACA-BD3F-6512CA2AD85D}.Debug|Any CPU.Build.0 = Debug|Any CPU
		{D51533A6-1B90-4ACA-BD3F-6512CA2AD85D}.Release|Any CPU.ActiveCfg = Release|Any CPU
		{D51533A6-1B90-4ACA-BD3F-6512CA2AD85D}.Release|Any CPU.Build.0 = Release|Any CPU
		{9E41D0AC-9D94-4AFF-8597-D887C3A82D50}.Debug|Any CPU.ActiveCfg = Debug|Any CPU
		{9E41D0AC-9D94-4AFF-8597-D887C3A82D50}.Debug|Any CPU.Build.0 = Debug|Any CPU
		{9E41D0AC-9D94-4AFF-8597-D887C3A82D50}.Release|Any CPU.ActiveCfg = Release|Any CPU
		{9E41D0AC-9D94-4AFF-8597-D887C3A82D50}.Release|Any CPU.Build.0 = Release|Any CPU
		{94244DB3-BDCF-4607-B8C0-5FCB60AE72E4}.Debug|Any CPU.ActiveCfg = Debug|Any CPU
		{94244DB3-BDCF-4607-B8C0-5FCB60AE72E4}.Debug|Any CPU.Build.0 = Debug|Any CPU
		{94244DB3-BDCF-4607-B8C0-5FCB60AE72E4}.Release|Any CPU.ActiveCfg = Release|Any CPU
		{94244DB3-BDCF-4607-B8C0-5FCB60AE72E4}.Release|Any CPU.Build.0 = Release|Any CPU
	EndGlobalSection
	GlobalSection(NestedProjects) = preSolution
		{C95955AF-1625-48C4-B30D-F7D9624BED37} = {FFCC4974-95BF-4ABC-B908-B44B46ABC1E9}
		{D51533A6-1B90-4ACA-BD3F-6512CA2AD85D} = {C95955AF-1625-48C4-B30D-F7D9624BED37}
		{E6935CD1-9350-455E-B3E4-4F4795F7C232} = {FFCC4974-95BF-4ABC-B908-B44B46ABC1E9}
		{34E3EF8D-AEE3-42EB-8AA4-78352D48CF22} = {E6935CD1-9350-455E-B3E4-4F4795F7C232}
		{9E41D0AC-9D94-4AFF-8597-D887C3A82D50} = {34E3EF8D-AEE3-42EB-8AA4-78352D48CF22}
		{94244DB3-BDCF-4607-B8C0-5FCB60AE72E4} = {E6935CD1-9350-455E-B3E4-4F4795F7C232}
	EndGlobalSection
EndGlobal
