Microsoft Visual Studio Solution File, Format Version 12.00
# Visual Studio Version 17
VisualStudioVersion = 17.12.35707.178
MinimumVisualStudioVersion = 10.0.40219.1
Project("{FAE04EC0-301F-11D3-BF4B-00C04F79EFBC}") = "FitTech.AppHost", "src\FitTech.AppHost\FitTech.AppHost.csproj", "{D51533A6-1B90-4ACA-BD3F-6512CA2AD85D}"
EndProject
Project("{2150E333-8FDC-42A3-9474-1A3956D46DE8}") = "src", "src", "{FFCC4974-95BF-4ABC-B908-B44B46ABC1E9}"
EndProject
Project("{2150E333-8FDC-42A3-9474-1A3956D46DE8}") = "Solution Items", "Solution Items", "{65CCA9A2-1341-4F17-9895-19B2BF4E2E91}"
	ProjectSection(SolutionItems) = preProject
		README.md = README.md
		..\nuget.config = ..\nuget.config
		..\.editorconfig = ..\.editorconfig
		Directory.Packages.props = Directory.Packages.props
	EndProjectSection
EndProject
Project("{2150E333-8FDC-42A3-9474-1A3956D46DE8}") = "0.Presentation", "0.Presentation", "{E6935CD1-9350-455E-B3E4-4F4795F7C232}"
EndProject
Project("{2150E333-8FDC-42A3-9474-1A3956D46DE8}") = "Trainer", "Trainer", "{34E3EF8D-AEE3-42EB-8AA4-78352D48CF22}"
EndProject
Project("{FAE04EC0-301F-11D3-BF4B-00C04F79EFBC}") = "FitTech.WebComponents", "src\FitTech.WebComponents\FitTech.WebComponents.csproj", "{94244DB3-BDCF-4607-B8C0-5FCB60AE72E4}"
EndProject
Project("{2150E333-8FDC-42A3-9474-1A3956D46DE8}") = "1.APIs", "1.APIs", "{B518D932-AF0E-4D76-B760-C6F820A9A624}"
EndProject
Project("{FAE04EC0-301F-11D3-BF4B-00C04F79EFBC}") = "FitTech.API", "src\FitTech.API\FitTech.API.csproj", "{706A580D-3E0D-4782-AC14-E4386363B347}"
EndProject
Project("{FAE04EC0-301F-11D3-BF4B-00C04F79EFBC}") = "FitTech.Persistence", "src\FitTech.Persistence\FitTech.Persistence.csproj", "{3244A1C7-E464-4526-A6B9-6E0824A11A1B}"
EndProject
Project("{FAE04EC0-301F-11D3-BF4B-00C04F79EFBC}") = "FitTech.Application", "src\FitTech.Application\FitTech.Application.csproj", "{F24C4A02-0486-46FE-91B5-171EBBAA2A4F}"
EndProject
Project("{FAE04EC0-301F-11D3-BF4B-00C04F79EFBC}") = "FitTech.Domain", "src\FitTech.Domain\FitTech.Domain.csproj", "{9909997D-0456-4488-989A-AD485BD96203}"
EndProject
Project("{2150E333-8FDC-42A3-9474-1A3956D46DE8}") = "FitTech", "FitTech", "{2BAE76B1-236F-410B-A134-5BB23E8BC484}"
EndProject
Project("{FAE04EC0-301F-11D3-BF4B-00C04F79EFBC}") = "FitTech.API.Client", "src\FitTech.API.Client\FitTech.API.Client.csproj", "{911859C7-118F-441F-8A00-8F6112FE0686}"
EndProject
Project("{FAE04EC0-301F-11D3-BF4B-00C04F79EFBC}") = "FitTech.API.IntegrationTests", "src\FitTech.API.IntegrationTests\FitTech.API.IntegrationTests.csproj", "{1AB7650C-AC4C-4ECE-87E9-BD68F9901995}"
EndProject
Project("{FAE04EC0-301F-11D3-BF4B-00C04F79EFBC}") = "FitTech.Trainer.Wasm", "src\FitTech.Trainer.Wasm\FitTech.Trainer.Wasm.csproj", "{0C5A8E6B-FDC5-4AAC-8C1A-8A24E9227181}"
EndProject
Project("{2150E333-8FDC-42A3-9474-1A3956D46DE8}") = "Libraries", "Libraries", "{DFC6EC63-512B-4AEC-B852-03F1A7618D3B}"
EndProject
Project("{FAE04EC0-301F-11D3-BF4B-00C04F79EFBC}") = "AuleTech.Core", "..\Libraries\AuleTech.Core\src\AuleTech.Core\AuleTech.Core.csproj", "{9C49EBF2-7436-4879-8B54-A32AEBB7D3AF}"
EndProject
Project("{FAE04EC0-301F-11D3-BF4B-00C04F79EFBC}") = "FitTech.PaC", "src\FitTech.PaC\FitTech.PaC.csproj", "{06E61E1B-858C-4328-9E7A-0841D59ABD69}"
EndProject
Project("{2150E333-8FDC-42A3-9474-1A3956D46DE8}") = "99.DevOps", "99.DevOps", "{61D771CC-911C-4340-9228-0F5F4F77A71A}"
EndProject
Project("{FAE04EC0-301F-11D3-BF4B-00C04F79EFBC}") = "DevopsCli.Core", "..\Tools\DevopsCli\src\DevopsCli.Core\DevopsCli.Core.csproj", "{1E9AC428-35D0-4340-81F9-08C128489094}"
EndProject
Project("{FAE04EC0-301F-11D3-BF4B-00C04F79EFBC}") = "FitTech.API.UnitTests", "src\FitTech.API.UnitTests\FitTech.API.UnitTests.csproj", "{EA3F9791-EFF0-45A0-B84E-0FF4648D814C}"
EndProject
Project("{2150E333-8FDC-42A3-9474-1A3956D46DE8}") = "Tests", "Tests", "{903A2168-15A4-4B98-9122-2E7A18BADFDB}"
EndProject
Project("{2150E333-8FDC-42A3-9474-1A3956D46DE8}") = "Client", "Client", "{57661B93-8093-454F-AD87-686BB6464ECB}"
EndProject
Project("{FAE04EC0-301F-11D3-BF4B-00C04F79EFBC}") = "FitTech.Client.Mobile", "src\FitTech.Client.Mobile\FitTech.Client.Mobile.csproj", "{76401D0B-1F23-4B84-A891-B0DDBEAFCF57}"
EndProject
Global
	GlobalSection(SolutionConfigurationPlatforms) = preSolution
		Debug|Any CPU = Debug|Any CPU
		Release|Any CPU = Release|Any CPU
	EndGlobalSection
	GlobalSection(ProjectConfigurationPlatforms) = postSolution
		{D51533A6-1B90-4ACA-BD3F-6512CA2AD85D}.Debug|Any CPU.ActiveCfg = Debug|Any CPU
		{D51533A6-1B90-4ACA-BD3F-6512CA2AD85D}.Debug|Any CPU.Build.0 = Debug|Any CPU
		{D51533A6-1B90-4ACA-BD3F-6512CA2AD85D}.Release|Any CPU.ActiveCfg = Release|Any CPU
		{D51533A6-1B90-4ACA-BD3F-6512CA2AD85D}.Release|Any CPU.Build.0 = Release|Any CPU
		{94244DB3-BDCF-4607-B8C0-5FCB60AE72E4}.Debug|Any CPU.ActiveCfg = Debug|Any CPU
		{94244DB3-BDCF-4607-B8C0-5FCB60AE72E4}.Debug|Any CPU.Build.0 = Debug|Any CPU
		{94244DB3-BDCF-4607-B8C0-5FCB60AE72E4}.Release|Any CPU.ActiveCfg = Release|Any CPU
		{94244DB3-BDCF-4607-B8C0-5FCB60AE72E4}.Release|Any CPU.Build.0 = Release|Any CPU
		{706A580D-3E0D-4782-AC14-E4386363B347}.Debug|Any CPU.ActiveCfg = Debug|Any CPU
		{706A580D-3E0D-4782-AC14-E4386363B347}.Debug|Any CPU.Build.0 = Debug|Any CPU
		{706A580D-3E0D-4782-AC14-E4386363B347}.Release|Any CPU.ActiveCfg = Release|Any CPU
		{706A580D-3E0D-4782-AC14-E4386363B347}.Release|Any CPU.Build.0 = Release|Any CPU
		{3244A1C7-E464-4526-A6B9-6E0824A11A1B}.Debug|Any CPU.ActiveCfg = Debug|Any CPU
		{3244A1C7-E464-4526-A6B9-6E0824A11A1B}.Debug|Any CPU.Build.0 = Debug|Any CPU
		{3244A1C7-E464-4526-A6B9-6E0824A11A1B}.Release|Any CPU.ActiveCfg = Release|Any CPU
		{3244A1C7-E464-4526-A6B9-6E0824A11A1B}.Release|Any CPU.Build.0 = Release|Any CPU
		{F24C4A02-0486-46FE-91B5-171EBBAA2A4F}.Debug|Any CPU.ActiveCfg = Debug|Any CPU
		{F24C4A02-0486-46FE-91B5-171EBBAA2A4F}.Debug|Any CPU.Build.0 = Debug|Any CPU
		{F24C4A02-0486-46FE-91B5-171EBBAA2A4F}.Release|Any CPU.ActiveCfg = Release|Any CPU
		{F24C4A02-0486-46FE-91B5-171EBBAA2A4F}.Release|Any CPU.Build.0 = Release|Any CPU
		{9909997D-0456-4488-989A-AD485BD96203}.Debug|Any CPU.ActiveCfg = Debug|Any CPU
		{9909997D-0456-4488-989A-AD485BD96203}.Debug|Any CPU.Build.0 = Debug|Any CPU
		{9909997D-0456-4488-989A-AD485BD96203}.Release|Any CPU.ActiveCfg = Release|Any CPU
		{9909997D-0456-4488-989A-AD485BD96203}.Release|Any CPU.Build.0 = Release|Any CPU
		{911859C7-118F-441F-8A00-8F6112FE0686}.Debug|Any CPU.ActiveCfg = Debug|Any CPU
		{911859C7-118F-441F-8A00-8F6112FE0686}.Debug|Any CPU.Build.0 = Debug|Any CPU
		{911859C7-118F-441F-8A00-8F6112FE0686}.Release|Any CPU.ActiveCfg = Release|Any CPU
		{911859C7-118F-441F-8A00-8F6112FE0686}.Release|Any CPU.Build.0 = Release|Any CPU
		{1AB7650C-AC4C-4ECE-87E9-BD68F9901995}.Debug|Any CPU.ActiveCfg = Debug|Any CPU
		{1AB7650C-AC4C-4ECE-87E9-BD68F9901995}.Debug|Any CPU.Build.0 = Debug|Any CPU
		{1AB7650C-AC4C-4ECE-87E9-BD68F9901995}.Release|Any CPU.ActiveCfg = Release|Any CPU
		{1AB7650C-AC4C-4ECE-87E9-BD68F9901995}.Release|Any CPU.Build.0 = Release|Any CPU
		{0C5A8E6B-FDC5-4AAC-8C1A-8A24E9227181}.Debug|Any CPU.ActiveCfg = Debug|Any CPU
		{0C5A8E6B-FDC5-4AAC-8C1A-8A24E9227181}.Debug|Any CPU.Build.0 = Debug|Any CPU
		{0C5A8E6B-FDC5-4AAC-8C1A-8A24E9227181}.Release|Any CPU.ActiveCfg = Release|Any CPU
		{0C5A8E6B-FDC5-4AAC-8C1A-8A24E9227181}.Release|Any CPU.Build.0 = Release|Any CPU
		{9C49EBF2-7436-4879-8B54-A32AEBB7D3AF}.Debug|Any CPU.ActiveCfg = Debug|Any CPU
		{9C49EBF2-7436-4879-8B54-A32AEBB7D3AF}.Debug|Any CPU.Build.0 = Debug|Any CPU
		{9C49EBF2-7436-4879-8B54-A32AEBB7D3AF}.Release|Any CPU.ActiveCfg = Release|Any CPU
		{9C49EBF2-7436-4879-8B54-A32AEBB7D3AF}.Release|Any CPU.Build.0 = Release|Any CPU
		{06E61E1B-858C-4328-9E7A-0841D59ABD69}.Debug|Any CPU.ActiveCfg = Debug|Any CPU
		{06E61E1B-858C-4328-9E7A-0841D59ABD69}.Debug|Any CPU.Build.0 = Debug|Any CPU
		{06E61E1B-858C-4328-9E7A-0841D59ABD69}.Release|Any CPU.ActiveCfg = Release|Any CPU
		{06E61E1B-858C-4328-9E7A-0841D59ABD69}.Release|Any CPU.Build.0 = Release|Any CPU
		{1E9AC428-35D0-4340-81F9-08C128489094}.Debug|Any CPU.ActiveCfg = Debug|Any CPU
		{1E9AC428-35D0-4340-81F9-08C128489094}.Debug|Any CPU.Build.0 = Debug|Any CPU
		{1E9AC428-35D0-4340-81F9-08C128489094}.Release|Any CPU.ActiveCfg = Release|Any CPU
		{1E9AC428-35D0-4340-81F9-08C128489094}.Release|Any CPU.Build.0 = Release|Any CPU
		{EA3F9791-EFF0-45A0-B84E-0FF4648D814C}.Debug|Any CPU.ActiveCfg = Debug|Any CPU
		{EA3F9791-EFF0-45A0-B84E-0FF4648D814C}.Debug|Any CPU.Build.0 = Debug|Any CPU
		{EA3F9791-EFF0-45A0-B84E-0FF4648D814C}.Release|Any CPU.ActiveCfg = Release|Any CPU
		{EA3F9791-EFF0-45A0-B84E-0FF4648D814C}.Release|Any CPU.Build.0 = Release|Any CPU
		{76401D0B-1F23-4B84-A891-B0DDBEAFCF57}.Debug|Any CPU.ActiveCfg = Debug|Any CPU
		{76401D0B-1F23-4B84-A891-B0DDBEAFCF57}.Debug|Any CPU.Build.0 = Debug|Any CPU
		{76401D0B-1F23-4B84-A891-B0DDBEAFCF57}.Release|Any CPU.ActiveCfg = Release|Any CPU
		{76401D0B-1F23-4B84-A891-B0DDBEAFCF57}.Release|Any CPU.Build.0 = Release|Any CPU
	EndGlobalSection
	GlobalSection(SolutionProperties) = preSolution
		HideSolutionNode = FALSE
	EndGlobalSection
	GlobalSection(NestedProjects) = preSolution
		{E6935CD1-9350-455E-B3E4-4F4795F7C232} = {FFCC4974-95BF-4ABC-B908-B44B46ABC1E9}
		{34E3EF8D-AEE3-42EB-8AA4-78352D48CF22} = {E6935CD1-9350-455E-B3E4-4F4795F7C232}
		{94244DB3-BDCF-4607-B8C0-5FCB60AE72E4} = {E6935CD1-9350-455E-B3E4-4F4795F7C232}
		{B518D932-AF0E-4D76-B760-C6F820A9A624} = {FFCC4974-95BF-4ABC-B908-B44B46ABC1E9}
		{706A580D-3E0D-4782-AC14-E4386363B347} = {2BAE76B1-236F-410B-A134-5BB23E8BC484}
		{3244A1C7-E464-4526-A6B9-6E0824A11A1B} = {2BAE76B1-236F-410B-A134-5BB23E8BC484}
		{F24C4A02-0486-46FE-91B5-171EBBAA2A4F} = {2BAE76B1-236F-410B-A134-5BB23E8BC484}
		{9909997D-0456-4488-989A-AD485BD96203} = {2BAE76B1-236F-410B-A134-5BB23E8BC484}
		{2BAE76B1-236F-410B-A134-5BB23E8BC484} = {B518D932-AF0E-4D76-B760-C6F820A9A624}
		{911859C7-118F-441F-8A00-8F6112FE0686} = {2BAE76B1-236F-410B-A134-5BB23E8BC484}
		{0C5A8E6B-FDC5-4AAC-8C1A-8A24E9227181} = {34E3EF8D-AEE3-42EB-8AA4-78352D48CF22}
		{9C49EBF2-7436-4879-8B54-A32AEBB7D3AF} = {DFC6EC63-512B-4AEC-B852-03F1A7618D3B}
		{61D771CC-911C-4340-9228-0F5F4F77A71A} = {FFCC4974-95BF-4ABC-B908-B44B46ABC1E9}
		{D51533A6-1B90-4ACA-BD3F-6512CA2AD85D} = {61D771CC-911C-4340-9228-0F5F4F77A71A}
		{06E61E1B-858C-4328-9E7A-0841D59ABD69} = {61D771CC-911C-4340-9228-0F5F4F77A71A}
		{1E9AC428-35D0-4340-81F9-08C128489094} = {DFC6EC63-512B-4AEC-B852-03F1A7618D3B}
		{903A2168-15A4-4B98-9122-2E7A18BADFDB} = {2BAE76B1-236F-410B-A134-5BB23E8BC484}
		{1AB7650C-AC4C-4ECE-87E9-BD68F9901995} = {903A2168-15A4-4B98-9122-2E7A18BADFDB}
		{EA3F9791-EFF0-45A0-B84E-0FF4648D814C} = {903A2168-15A4-4B98-9122-2E7A18BADFDB}
		{57661B93-8093-454F-AD87-686BB6464ECB} = {E6935CD1-9350-455E-B3E4-4F4795F7C232}
		{76401D0B-1F23-4B84-A891-B0DDBEAFCF57} = {57661B93-8093-454F-AD87-686BB6464ECB}
	EndGlobalSection
EndGlobal
